
Microsoft Visual Studio Solution File, Format Version 12.00
# Visual Studio Version 16
VisualStudioVersion = 16.0.32106.194
MinimumVisualStudioVersion = 10.0.40219.1
Project("{FAE04EC0-301F-11D3-BF4B-00C04F79EFBC}") = "ApiRestCore", "ApiRestCore\ApiRestCore.csproj", "{4F6F4552-CC1E-4EA2-8366-1E8DDE335984}"
EndProject
Global
	GlobalSection(SolutionConfigurationPlatforms) = preSolution
		Debug|Any CPU = Debug|Any CPU
		Release|Any CPU = Release|Any CPU
	EndGlobalSection
	GlobalSection(ProjectConfigurationPlatforms) = postSolution
		{4F6F4552-CC1E-4EA2-8366-1E8DDE335984}.Debug|Any CPU.ActiveCfg = Debug|Any CPU
		{4F6F4552-CC1E-4EA2-8366-1E8DDE335984}.Debug|Any CPU.Build.0 = Debug|Any CPU
		{4F6F4552-CC1E-4EA2-8366-1E8DDE335984}.Release|Any CPU.ActiveCfg = Release|Any CPU
		{4F6F4552-CC1E-4EA2-8366-1E8DDE335984}.Release|Any CPU.Build.0 = Release|Any CPU
	EndGlobalSection
	GlobalSection(SolutionProperties) = preSolution
		HideSolutionNode = FALSE
	EndGlobalSection
	GlobalSection(ExtensibilityGlobals) = postSolution
		SolutionGuid = {C480FD78-89F3-4B10-A6EC-76D1C7AC7EC3}
	EndGlobalSection
EndGlobal
